
Microsoft Visual Studio Solution File, Format Version 12.00
# Visual Studio Version 17
VisualStudioVersion = 17.9.34728.123
MinimumVisualStudioVersion = 10.0.40219.1
Project("{FAE04EC0-301F-11D3-BF4B-00C04F79EFBC}") = "WeatherForecastApplication", "WeatherForecastApplication\WeatherForecastApplication.csproj", "{4954AC7B-6FDA-42E2-ACDF-DF50563D762C}"
EndProject
Global
	GlobalSection(SolutionConfigurationPlatforms) = preSolution
		Debug|Any CPU = Debug|Any CPU
		Release|Any CPU = Release|Any CPU
	EndGlobalSection
	GlobalSection(ProjectConfigurationPlatforms) = postSolution
		{4954AC7B-6FDA-42E2-ACDF-DF50563D762C}.Debug|Any CPU.ActiveCfg = Debug|Any CPU
		{4954AC7B-6FDA-42E2-ACDF-DF50563D762C}.Debug|Any CPU.Build.0 = Debug|Any CPU
		{4954AC7B-6FDA-42E2-ACDF-DF50563D762C}.Release|Any CPU.ActiveCfg = Release|Any CPU
		{4954AC7B-6FDA-42E2-ACDF-DF50563D762C}.Release|Any CPU.Build.0 = Release|Any CPU
	EndGlobalSection
	GlobalSection(SolutionProperties) = preSolution
		HideSolutionNode = FALSE
	EndGlobalSection
	GlobalSection(ExtensibilityGlobals) = postSolution
		SolutionGuid = {2C0C39A8-FA6B-4105-93C0-D5E8F423CF7A}
	EndGlobalSection
EndGlobal
